
Microsoft Visual Studio Solution File, Format Version 12.00
# Visual Studio Version 17
VisualStudioVersion = 17.0.31903.59
MinimumVisualStudioVersion = 10.0.40219.1
Project("{FAE04EC0-301F-11D3-BF4B-00C04F79EFBC}") = "TVS.web", "TVS.web\TVS.web.csproj", "{C21B258D-F78A-498E-BB23-BDD141C9BF6D}"
EndProject
Project("{FAE04EC0-301F-11D3-BF4B-00C04F79EFBC}") = "TVS.Core", "TVS.Core\TVS.Core.csproj", "{12EE1D32-A2CF-4872-B622-2BA5745B89A3}"
EndProject
Project("{FAE04EC0-301F-11D3-BF4B-00C04F79EFBC}") = "TVS.Api", "TVS.Api\TVS.Api.csproj", "{69079F6F-8AD8-4BCF-B4B2-52FD5E140EC1}"
EndProject
Global
	GlobalSection(SolutionConfigurationPlatforms) = preSolution
		Debug|Any CPU = Debug|Any CPU
		Release|Any CPU = Release|Any CPU
	EndGlobalSection
	GlobalSection(SolutionProperties) = preSolution
		HideSolutionNode = FALSE
	EndGlobalSection
	GlobalSection(ProjectConfigurationPlatforms) = postSolution
		{C21B258D-F78A-498E-BB23-BDD141C9BF6D}.Debug|Any CPU.ActiveCfg = Debug|Any CPU
		{C21B258D-F78A-498E-BB23-BDD141C9BF6D}.Debug|Any CPU.Build.0 = Debug|Any CPU
		{C21B258D-F78A-498E-BB23-BDD141C9BF6D}.Release|Any CPU.ActiveCfg = Release|Any CPU
		{C21B258D-F78A-498E-BB23-BDD141C9BF6D}.Release|Any CPU.Build.0 = Release|Any CPU
		{12EE1D32-A2CF-4872-B622-2BA5745B89A3}.Debug|Any CPU.ActiveCfg = Debug|Any CPU
		{12EE1D32-A2CF-4872-B622-2BA5745B89A3}.Debug|Any CPU.Build.0 = Debug|Any CPU
		{12EE1D32-A2CF-4872-B622-2BA5745B89A3}.Release|Any CPU.ActiveCfg = Release|Any CPU
		{12EE1D32-A2CF-4872-B622-2BA5745B89A3}.Release|Any CPU.Build.0 = Release|Any CPU
		{69079F6F-8AD8-4BCF-B4B2-52FD5E140EC1}.Debug|Any CPU.ActiveCfg = Debug|Any CPU
		{69079F6F-8AD8-4BCF-B4B2-52FD5E140EC1}.Debug|Any CPU.Build.0 = Debug|Any CPU
		{69079F6F-8AD8-4BCF-B4B2-52FD5E140EC1}.Release|Any CPU.ActiveCfg = Release|Any CPU
		{69079F6F-8AD8-4BCF-B4B2-52FD5E140EC1}.Release|Any CPU.Build.0 = Release|Any CPU
	EndGlobalSection
EndGlobal
